
Microsoft Visual Studio Solution File, Format Version 12.00
# Visual Studio 2013
VisualStudioVersion = 12.0.21005.1
MinimumVisualStudioVersion = 10.0.40219.1
Project("{FAE04EC0-301F-11D3-BF4B-00C04F79EFBC}") = "Strings", "InterviewTasks\Strings.csproj", "{9567BE4B-AC02-4120-9253-1EDD3C98DC69}"
EndProject
Project("{FAE04EC0-301F-11D3-BF4B-00C04F79EFBC}") = "BoxingUnboxing", "BoxingUnboxing\BoxingUnboxing.csproj", "{C26D2B31-A922-4D52-B890-AFB43339A278}"
EndProject
Project("{FAE04EC0-301F-11D3-BF4B-00C04F79EFBC}") = "Inheritance", "Inheritance\Inheritance.csproj", "{A9A44BF4-3C19-44BD-9F71-08F50AA3A15E}"
EndProject
Project("{FAE04EC0-301F-11D3-BF4B-00C04F79EFBC}") = "Multithreading", "Multithreading\Multithreading.csproj", "{1FED765D-1D68-4999-AC14-D306FE9F07D8}"
EndProject
Global
	GlobalSection(SolutionConfigurationPlatforms) = preSolution
		Debug|Any CPU = Debug|Any CPU
		Release|Any CPU = Release|Any CPU
	EndGlobalSection
	GlobalSection(ProjectConfigurationPlatforms) = postSolution
		{9567BE4B-AC02-4120-9253-1EDD3C98DC69}.Debug|Any CPU.ActiveCfg = Debug|Any CPU
		{9567BE4B-AC02-4120-9253-1EDD3C98DC69}.Debug|Any CPU.Build.0 = Debug|Any CPU
		{9567BE4B-AC02-4120-9253-1EDD3C98DC69}.Release|Any CPU.ActiveCfg = Release|Any CPU
		{9567BE4B-AC02-4120-9253-1EDD3C98DC69}.Release|Any CPU.Build.0 = Release|Any CPU
		{C26D2B31-A922-4D52-B890-AFB43339A278}.Debug|Any CPU.ActiveCfg = Debug|Any CPU
		{C26D2B31-A922-4D52-B890-AFB43339A278}.Debug|Any CPU.Build.0 = Debug|Any CPU
		{C26D2B31-A922-4D52-B890-AFB43339A278}.Release|Any CPU.ActiveCfg = Release|Any CPU
		{C26D2B31-A922-4D52-B890-AFB43339A278}.Release|Any CPU.Build.0 = Release|Any CPU
		{A9A44BF4-3C19-44BD-9F71-08F50AA3A15E}.Debug|Any CPU.ActiveCfg = Debug|Any CPU
		{A9A44BF4-3C19-44BD-9F71-08F50AA3A15E}.Debug|Any CPU.Build.0 = Debug|Any CPU
		{A9A44BF4-3C19-44BD-9F71-08F50AA3A15E}.Release|Any CPU.ActiveCfg = Release|Any CPU
		{A9A44BF4-3C19-44BD-9F71-08F50AA3A15E}.Release|Any CPU.Build.0 = Release|Any CPU
		{1FED765D-1D68-4999-AC14-D306FE9F07D8}.Debug|Any CPU.ActiveCfg = Debug|Any CPU
		{1FED765D-1D68-4999-AC14-D306FE9F07D8}.Debug|Any CPU.Build.0 = Debug|Any CPU
		{1FED765D-1D68-4999-AC14-D306FE9F07D8}.Release|Any CPU.ActiveCfg = Release|Any CPU
		{1FED765D-1D68-4999-AC14-D306FE9F07D8}.Release|Any CPU.Build.0 = Release|Any CPU
	EndGlobalSection
	GlobalSection(SolutionProperties) = preSolution
		HideSolutionNode = FALSE
	EndGlobalSection
EndGlobal
