
Microsoft Visual Studio Solution File, Format Version 12.00
# Visual Studio 15
VisualStudioVersion = 15.0.28307.102
MinimumVisualStudioVersion = 10.0.40219.1
Project("{FAE04EC0-301F-11D3-BF4B-00C04F79EFBC}") = "BoxingUnboxing", "BoxingUnboxing\BoxingUnboxing.csproj", "{C26D2B31-A922-4D52-B890-AFB43339A278}"
EndProject
Project("{FAE04EC0-301F-11D3-BF4B-00C04F79EFBC}") = "Inheritance", "Inheritance\Inheritance.csproj", "{A9A44BF4-3C19-44BD-9F71-08F50AA3A15E}"
EndProject
Project("{FAE04EC0-301F-11D3-BF4B-00C04F79EFBC}") = "Multithreading", "Multithreading\Multithreading.csproj", "{1FED765D-1D68-4999-AC14-D306FE9F07D8}"
EndProject
Project("{FAE04EC0-301F-11D3-BF4B-00C04F79EFBC}") = "Strings", "Strings\Strings.csproj", "{FAD450B1-D603-4D74-B364-3A68E521ECF5}"
EndProject
Global
	GlobalSection(SolutionConfigurationPlatforms) = preSolution
		Debug|Any CPU = Debug|Any CPU
		Release|Any CPU = Release|Any CPU
	EndGlobalSection
	GlobalSection(ProjectConfigurationPlatforms) = postSolution
		{C26D2B31-A922-4D52-B890-AFB43339A278}.Debug|Any CPU.ActiveCfg = Debug|Any CPU
		{C26D2B31-A922-4D52-B890-AFB43339A278}.Debug|Any CPU.Build.0 = Debug|Any CPU
		{C26D2B31-A922-4D52-B890-AFB43339A278}.Release|Any CPU.ActiveCfg = Release|Any CPU
		{C26D2B31-A922-4D52-B890-AFB43339A278}.Release|Any CPU.Build.0 = Release|Any CPU
		{A9A44BF4-3C19-44BD-9F71-08F50AA3A15E}.Debug|Any CPU.ActiveCfg = Debug|Any CPU
		{A9A44BF4-3C19-44BD-9F71-08F50AA3A15E}.Debug|Any CPU.Build.0 = Debug|Any CPU
		{A9A44BF4-3C19-44BD-9F71-08F50AA3A15E}.Release|Any CPU.ActiveCfg = Release|Any CPU
		{A9A44BF4-3C19-44BD-9F71-08F50AA3A15E}.Release|Any CPU.Build.0 = Release|Any CPU
		{1FED765D-1D68-4999-AC14-D306FE9F07D8}.Debug|Any CPU.ActiveCfg = Debug|Any CPU
		{1FED765D-1D68-4999-AC14-D306FE9F07D8}.Debug|Any CPU.Build.0 = Debug|Any CPU
		{1FED765D-1D68-4999-AC14-D306FE9F07D8}.Release|Any CPU.ActiveCfg = Release|Any CPU
		{1FED765D-1D68-4999-AC14-D306FE9F07D8}.Release|Any CPU.Build.0 = Release|Any CPU
		{FAD450B1-D603-4D74-B364-3A68E521ECF5}.Debug|Any CPU.ActiveCfg = Debug|Any CPU
		{FAD450B1-D603-4D74-B364-3A68E521ECF5}.Debug|Any CPU.Build.0 = Debug|Any CPU
		{FAD450B1-D603-4D74-B364-3A68E521ECF5}.Release|Any CPU.ActiveCfg = Release|Any CPU
		{FAD450B1-D603-4D74-B364-3A68E521ECF5}.Release|Any CPU.Build.0 = Release|Any CPU
	EndGlobalSection
	GlobalSection(SolutionProperties) = preSolution
		HideSolutionNode = FALSE
	EndGlobalSection
	GlobalSection(ExtensibilityGlobals) = postSolution
		SolutionGuid = {513BDE3D-E5B4-4F13-AB55-8229FAA531BD}
	EndGlobalSection
EndGlobal
